
Microsoft Visual Studio Solution File, Format Version 12.00
# Visual Studio 15
Project("{FAE04EC0-301F-11D3-BF4B-00C04F79EFBC}") = "Assembly-CSharp", "Assembly-CSharp.csproj", "{0943B1BA-F211-4FD6-BDED-A9170E83BCE2}"
EndProject
Project("{FAE04EC0-301F-11D3-BF4B-00C04F79EFBC}") = "PhotonUnityNetworking.Demos", "PhotonUnityNetworking.Demos.csproj", "{AF61AAC2-AD6A-F3FF-CB55-A5F369FC1AA6}"
EndProject
Project("{FAE04EC0-301F-11D3-BF4B-00C04F79EFBC}") = "PhotonRealtime", "PhotonRealtime.csproj", "{368C0B12-BEAE-A3EB-8444-07EB7FEF7260}"
EndProject
Project("{FAE04EC0-301F-11D3-BF4B-00C04F79EFBC}") = "PhotonUnityNetworking", "PhotonUnityNetworking.csproj", "{0F912E2E-AB72-0186-B570-C33573D92B73}"
EndProject
Project("{FAE04EC0-301F-11D3-BF4B-00C04F79EFBC}") = "PhotonUnityNetworking.Utilities", "PhotonUnityNetworking.Utilities.csproj", "{90D2022E-E732-4A07-C902-9528BB2C6B9A}"
EndProject
Project("{FAE04EC0-301F-11D3-BF4B-00C04F79EFBC}") = "PhotonChat", "PhotonChat.csproj", "{42D31F85-3267-24F5-E924-0ADA4797FB91}"
EndProject
Project("{FAE04EC0-301F-11D3-BF4B-00C04F79EFBC}") = "PhotonUnityNetworking.Editor", "PhotonUnityNetworking.Editor.csproj", "{0A71504D-CDD7-5E63-3D35-5BC4B9378135}"
EndProject
Project("{FAE04EC0-301F-11D3-BF4B-00C04F79EFBC}") = "PhotonUnityNetworking.Utilities.PhotonPlayer.Editor", "PhotonUnityNetworking.Utilities.PhotonPlayer.Editor.csproj", "{8EDEC8FB-4649-7C67-F1BA-B0D43AB7509E}"
EndProject
Project("{FAE04EC0-301F-11D3-BF4B-00C04F79EFBC}") = "PunDemos.DemoSlotcarEditor", "PunDemos.DemoSlotcarEditor.csproj", "{C1E63C40-466A-B55D-A32E-929077163E49}"
EndProject
Project("{FAE04EC0-301F-11D3-BF4B-00C04F79EFBC}") = "PhotonUnityNetworking.Utilities.Culling.Editor", "PhotonUnityNetworking.Utilities.Culling.Editor.csproj", "{5E701B15-BD26-5BAE-5D74-888B65D62253}"
EndProject
Project("{FAE04EC0-301F-11D3-BF4B-00C04F79EFBC}") = "PunDemos.DemoHubEditor", "PunDemos.DemoHubEditor.csproj", "{63B3B78D-FE68-2E6A-43CF-5ED14B89DF6F}"
EndProject
Global
	GlobalSection(SolutionConfigurationPlatforms) = preSolution
		Debug|Any CPU = Debug|Any CPU
		Release|Any CPU = Release|Any CPU
	EndGlobalSection
	GlobalSection(ProjectConfigurationPlatforms) = postSolution
		{0943B1BA-F211-4FD6-BDED-A9170E83BCE2}.Debug|Any CPU.ActiveCfg = Debug|Any CPU
		{0943B1BA-F211-4FD6-BDED-A9170E83BCE2}.Debug|Any CPU.Build.0 = Debug|Any CPU
		{0943B1BA-F211-4FD6-BDED-A9170E83BCE2}.Release|Any CPU.ActiveCfg = Release|Any CPU
		{0943B1BA-F211-4FD6-BDED-A9170E83BCE2}.Release|Any CPU.Build.0 = Release|Any CPU
		{AF61AAC2-AD6A-F3FF-CB55-A5F369FC1AA6}.Debug|Any CPU.ActiveCfg = Debug|Any CPU
		{AF61AAC2-AD6A-F3FF-CB55-A5F369FC1AA6}.Debug|Any CPU.Build.0 = Debug|Any CPU
		{AF61AAC2-AD6A-F3FF-CB55-A5F369FC1AA6}.Release|Any CPU.ActiveCfg = Release|Any CPU
		{AF61AAC2-AD6A-F3FF-CB55-A5F369FC1AA6}.Release|Any CPU.Build.0 = Release|Any CPU
		{368C0B12-BEAE-A3EB-8444-07EB7FEF7260}.Debug|Any CPU.ActiveCfg = Debug|Any CPU
		{368C0B12-BEAE-A3EB-8444-07EB7FEF7260}.Debug|Any CPU.Build.0 = Debug|Any CPU
		{368C0B12-BEAE-A3EB-8444-07EB7FEF7260}.Release|Any CPU.ActiveCfg = Release|Any CPU
		{368C0B12-BEAE-A3EB-8444-07EB7FEF7260}.Release|Any CPU.Build.0 = Release|Any CPU
		{0F912E2E-AB72-0186-B570-C33573D92B73}.Debug|Any CPU.ActiveCfg = Debug|Any CPU
		{0F912E2E-AB72-0186-B570-C33573D92B73}.Debug|Any CPU.Build.0 = Debug|Any CPU
		{0F912E2E-AB72-0186-B570-C33573D92B73}.Release|Any CPU.ActiveCfg = Release|Any CPU
		{0F912E2E-AB72-0186-B570-C33573D92B73}.Release|Any CPU.Build.0 = Release|Any CPU
		{90D2022E-E732-4A07-C902-9528BB2C6B9A}.Debug|Any CPU.ActiveCfg = Debug|Any CPU
		{90D2022E-E732-4A07-C902-9528BB2C6B9A}.Debug|Any CPU.Build.0 = Debug|Any CPU
		{90D2022E-E732-4A07-C902-9528BB2C6B9A}.Release|Any CPU.ActiveCfg = Release|Any CPU
		{90D2022E-E732-4A07-C902-9528BB2C6B9A}.Release|Any CPU.Build.0 = Release|Any CPU
		{42D31F85-3267-24F5-E924-0ADA4797FB91}.Debug|Any CPU.ActiveCfg = Debug|Any CPU
		{42D31F85-3267-24F5-E924-0ADA4797FB91}.Debug|Any CPU.Build.0 = Debug|Any CPU
		{42D31F85-3267-24F5-E924-0ADA4797FB91}.Release|Any CPU.ActiveCfg = Release|Any CPU
		{42D31F85-3267-24F5-E924-0ADA4797FB91}.Release|Any CPU.Build.0 = Release|Any CPU
		{0A71504D-CDD7-5E63-3D35-5BC4B9378135}.Debug|Any CPU.ActiveCfg = Debug|Any CPU
		{0A71504D-CDD7-5E63-3D35-5BC4B9378135}.Debug|Any CPU.Build.0 = Debug|Any CPU
		{0A71504D-CDD7-5E63-3D35-5BC4B9378135}.Release|Any CPU.ActiveCfg = Release|Any CPU
		{0A71504D-CDD7-5E63-3D35-5BC4B9378135}.Release|Any CPU.Build.0 = Release|Any CPU
		{8EDEC8FB-4649-7C67-F1BA-B0D43AB7509E}.Debug|Any CPU.ActiveCfg = Debug|Any CPU
		{8EDEC8FB-4649-7C67-F1BA-B0D43AB7509E}.Debug|Any CPU.Build.0 = Debug|Any CPU
		{8EDEC8FB-4649-7C67-F1BA-B0D43AB7509E}.Release|Any CPU.ActiveCfg = Release|Any CPU
		{8EDEC8FB-4649-7C67-F1BA-B0D43AB7509E}.Release|Any CPU.Build.0 = Release|Any CPU
		{C1E63C40-466A-B55D-A32E-929077163E49}.Debug|Any CPU.ActiveCfg = Debug|Any CPU
		{C1E63C40-466A-B55D-A32E-929077163E49}.Debug|Any CPU.Build.0 = Debug|Any CPU
		{C1E63C40-466A-B55D-A32E-929077163E49}.Release|Any CPU.ActiveCfg = Release|Any CPU
		{C1E63C40-466A-B55D-A32E-929077163E49}.Release|Any CPU.Build.0 = Release|Any CPU
		{5E701B15-BD26-5BAE-5D74-888B65D62253}.Debug|Any CPU.ActiveCfg = Debug|Any CPU
		{5E701B15-BD26-5BAE-5D74-888B65D62253}.Debug|Any CPU.Build.0 = Debug|Any CPU
		{5E701B15-BD26-5BAE-5D74-888B65D62253}.Release|Any CPU.ActiveCfg = Release|Any CPU
		{5E701B15-BD26-5BAE-5D74-888B65D62253}.Release|Any CPU.Build.0 = Release|Any CPU
		{63B3B78D-FE68-2E6A-43CF-5ED14B89DF6F}.Debug|Any CPU.ActiveCfg = Debug|Any CPU
		{63B3B78D-FE68-2E6A-43CF-5ED14B89DF6F}.Debug|Any CPU.Build.0 = Debug|Any CPU
		{63B3B78D-FE68-2E6A-43CF-5ED14B89DF6F}.Release|Any CPU.ActiveCfg = Release|Any CPU
		{63B3B78D-FE68-2E6A-43CF-5ED14B89DF6F}.Release|Any CPU.Build.0 = Release|Any CPU
	EndGlobalSection
	GlobalSection(SolutionProperties) = preSolution
		HideSolutionNode = FALSE
	EndGlobalSection
EndGlobal
